
Microsoft Visual Studio Solution File, Format Version 12.00
# Visual Studio 15
VisualStudioVersion = 15.0.28307.136
MinimumVisualStudioVersion = 10.0.40219.1
Project("{9A19103F-16F7-4668-BE54-9A1E7A4F7556}") = "TeamHGSApi", "TeamHGSApi\TeamHGSApi.csproj", "{EA2661D6-F876-4488-9CFF-7FDA814C3DB0}"
EndProject
Project("{9A19103F-16F7-4668-BE54-9A1E7A4F7556}") = "TeamHGSApi.Tests", "TeamHGSApi.Tests\TeamHGSApi.Tests.csproj", "{ED02F109-311B-42D0-9DC0-971A90405A6E}"
EndProject
Project("{9A19103F-16F7-4668-BE54-9A1E7A4F7556}") = "TeamHGSAzureFunctions", "TeamHGSAzureFunctions\TeamHGSAzureFunctions.csproj", "{B52A6232-5CA1-4563-A1AB-C937C5008715}"
EndProject
Global
	GlobalSection(SolutionConfigurationPlatforms) = preSolution
		Debug|Any CPU = Debug|Any CPU
		Release|Any CPU = Release|Any CPU
	EndGlobalSection
	GlobalSection(ProjectConfigurationPlatforms) = postSolution
		{EA2661D6-F876-4488-9CFF-7FDA814C3DB0}.Debug|Any CPU.ActiveCfg = Debug|Any CPU
		{EA2661D6-F876-4488-9CFF-7FDA814C3DB0}.Debug|Any CPU.Build.0 = Debug|Any CPU
		{EA2661D6-F876-4488-9CFF-7FDA814C3DB0}.Release|Any CPU.ActiveCfg = Release|Any CPU
		{EA2661D6-F876-4488-9CFF-7FDA814C3DB0}.Release|Any CPU.Build.0 = Release|Any CPU
		{ED02F109-311B-42D0-9DC0-971A90405A6E}.Debug|Any CPU.ActiveCfg = Debug|Any CPU
		{ED02F109-311B-42D0-9DC0-971A90405A6E}.Debug|Any CPU.Build.0 = Debug|Any CPU
		{ED02F109-311B-42D0-9DC0-971A90405A6E}.Release|Any CPU.ActiveCfg = Release|Any CPU
		{ED02F109-311B-42D0-9DC0-971A90405A6E}.Release|Any CPU.Build.0 = Release|Any CPU
		{B52A6232-5CA1-4563-A1AB-C937C5008715}.Debug|Any CPU.ActiveCfg = Debug|Any CPU
		{B52A6232-5CA1-4563-A1AB-C937C5008715}.Debug|Any CPU.Build.0 = Debug|Any CPU
		{B52A6232-5CA1-4563-A1AB-C937C5008715}.Release|Any CPU.ActiveCfg = Release|Any CPU
		{B52A6232-5CA1-4563-A1AB-C937C5008715}.Release|Any CPU.Build.0 = Release|Any CPU
	EndGlobalSection
	GlobalSection(SolutionProperties) = preSolution
		HideSolutionNode = FALSE
	EndGlobalSection
	GlobalSection(ExtensibilityGlobals) = postSolution
		SolutionGuid = {E6B49917-D876-4EF2-82EA-228D8C792C1D}
	EndGlobalSection
EndGlobal
