
Microsoft Visual Studio Solution File, Format Version 12.00
# Visual Studio 15
VisualStudioVersion = 15.0.27421.1
MinimumVisualStudioVersion = 10.0.40219.1
Project("{9A19103F-16F7-4668-BE54-9A1E7A4F7556}") = "TeamHGSApi", "TeamHGSApi\TeamHGSApi.csproj", "{EA2661D6-F876-4488-9CFF-7FDA814C3DB0}"
EndProject
Project("{9A19103F-16F7-4668-BE54-9A1E7A4F7556}") = "TeamHGSApi.Tests", "TeamHGSApi.Tests\TeamHGSApi.Tests.csproj", "{B00D8E2E-44F5-4D30-A3FA-747BA9770992}"
EndProject
Project("{9A19103F-16F7-4668-BE54-9A1E7A4F7556}") = "TeamHGSAzureFunctions", "TeamHGSAzureFunctions\TeamHGSAzureFunctions.csproj", "{80EEABE4-13E5-4027-8263-526C92A39A5B}"
EndProject
Global
	GlobalSection(SolutionConfigurationPlatforms) = preSolution
		Debug|Any CPU = Debug|Any CPU
		Release|Any CPU = Release|Any CPU
	EndGlobalSection
	GlobalSection(ProjectConfigurationPlatforms) = postSolution
		{EA2661D6-F876-4488-9CFF-7FDA814C3DB0}.Debug|Any CPU.ActiveCfg = Debug|Any CPU
		{EA2661D6-F876-4488-9CFF-7FDA814C3DB0}.Debug|Any CPU.Build.0 = Debug|Any CPU
		{EA2661D6-F876-4488-9CFF-7FDA814C3DB0}.Release|Any CPU.ActiveCfg = Release|Any CPU
		{EA2661D6-F876-4488-9CFF-7FDA814C3DB0}.Release|Any CPU.Build.0 = Release|Any CPU
		{B00D8E2E-44F5-4D30-A3FA-747BA9770992}.Debug|Any CPU.ActiveCfg = Debug|Any CPU
		{B00D8E2E-44F5-4D30-A3FA-747BA9770992}.Debug|Any CPU.Build.0 = Debug|Any CPU
		{B00D8E2E-44F5-4D30-A3FA-747BA9770992}.Release|Any CPU.ActiveCfg = Release|Any CPU
		{B00D8E2E-44F5-4D30-A3FA-747BA9770992}.Release|Any CPU.Build.0 = Release|Any CPU
		{80EEABE4-13E5-4027-8263-526C92A39A5B}.Debug|Any CPU.ActiveCfg = Debug|Any CPU
		{80EEABE4-13E5-4027-8263-526C92A39A5B}.Debug|Any CPU.Build.0 = Debug|Any CPU
		{80EEABE4-13E5-4027-8263-526C92A39A5B}.Release|Any CPU.ActiveCfg = Release|Any CPU
		{80EEABE4-13E5-4027-8263-526C92A39A5B}.Release|Any CPU.Build.0 = Release|Any CPU
	EndGlobalSection
	GlobalSection(SolutionProperties) = preSolution
		HideSolutionNode = FALSE
	EndGlobalSection
	GlobalSection(ExtensibilityGlobals) = postSolution
		SolutionGuid = {E6B49917-D876-4EF2-82EA-228D8C792C1D}
	EndGlobalSection
EndGlobal
